
Microsoft Visual Studio Solution File, Format Version 12.00
# Visual Studio Version 17
VisualStudioVersion = 17.2.32526.322
MinimumVisualStudioVersion = 10.0.40219.1
Project("{9A19103F-16F7-4668-BE54-9A1E7A4F7556}") = "ToDoApp.Web", "ToDoApp.Web.csproj", "{0B079543-E7EE-4944-A28A-782E20D36E15}"
EndProject
Project("{9A19103F-16F7-4668-BE54-9A1E7A4F7556}") = "ToDoApp.Identity", "..\ToDoApp.Identity\ToDoApp.Identity.csproj", "{7CAD04AA-AB39-4FD8-8451-50875B0B80CC}"
EndProject
Global
	GlobalSection(SolutionConfigurationPlatforms) = preSolution
		Debug|Any CPU = Debug|Any CPU
		Release|Any CPU = Release|Any CPU
	EndGlobalSection
	GlobalSection(ProjectConfigurationPlatforms) = postSolution
		{0B079543-E7EE-4944-A28A-782E20D36E15}.Debug|Any CPU.ActiveCfg = Debug|Any CPU
		{0B079543-E7EE-4944-A28A-782E20D36E15}.Debug|Any CPU.Build.0 = Debug|Any CPU
		{0B079543-E7EE-4944-A28A-782E20D36E15}.Release|Any CPU.ActiveCfg = Release|Any CPU
		{0B079543-E7EE-4944-A28A-782E20D36E15}.Release|Any CPU.Build.0 = Release|Any CPU
		{7CAD04AA-AB39-4FD8-8451-50875B0B80CC}.Debug|Any CPU.ActiveCfg = Debug|Any CPU
		{7CAD04AA-AB39-4FD8-8451-50875B0B80CC}.Debug|Any CPU.Build.0 = Debug|Any CPU
		{7CAD04AA-AB39-4FD8-8451-50875B0B80CC}.Release|Any CPU.ActiveCfg = Release|Any CPU
		{7CAD04AA-AB39-4FD8-8451-50875B0B80CC}.Release|Any CPU.Build.0 = Release|Any CPU
	EndGlobalSection
	GlobalSection(SolutionProperties) = preSolution
		HideSolutionNode = FALSE
	EndGlobalSection
	GlobalSection(ExtensibilityGlobals) = postSolution
		SolutionGuid = {91E471D8-9391-413B-BB55-C10A56942E19}
	EndGlobalSection
EndGlobal
